
Microsoft Visual Studio Solution File, Format Version 12.00
# Visual Studio Version 16
VisualStudioVersion = 16.0.30503.244
MinimumVisualStudioVersion = 10.0.40219.1
Project("{FAE04EC0-301F-11D3-BF4B-00C04F79EFBC}") = "SalesWebMvc", "SalesWebMvc\SalesWebMvc.csproj", "{21B6BCCC-A740-4379-AD21-BD92656E297C}"
EndProject
Global
	GlobalSection(SolutionConfigurationPlatforms) = preSolution
		Debug|Any CPU = Debug|Any CPU
		Release|Any CPU = Release|Any CPU
	EndGlobalSection
	GlobalSection(ProjectConfigurationPlatforms) = postSolution
		{21B6BCCC-A740-4379-AD21-BD92656E297C}.Debug|Any CPU.ActiveCfg = Debug|Any CPU
		{21B6BCCC-A740-4379-AD21-BD92656E297C}.Debug|Any CPU.Build.0 = Debug|Any CPU
		{21B6BCCC-A740-4379-AD21-BD92656E297C}.Release|Any CPU.ActiveCfg = Release|Any CPU
		{21B6BCCC-A740-4379-AD21-BD92656E297C}.Release|Any CPU.Build.0 = Release|Any CPU
	EndGlobalSection
	GlobalSection(SolutionProperties) = preSolution
		HideSolutionNode = FALSE
	EndGlobalSection
	GlobalSection(ExtensibilityGlobals) = postSolution
		SolutionGuid = {FD2EACB6-338A-4769-ABB9-08986862B41C}
	EndGlobalSection
EndGlobal
